
Microsoft Visual Studio Solution File, Format Version 12.00
Project("{FAE04EC0-301F-11D3-BF4B-00C04F79EFBC}") = "Dashboard", "Dashboard\Dashboard.csproj", "{40E65B22-7135-4B71-BA1F-8D5769C2D42A}"
EndProject
Global
	GlobalSection(SolutionConfigurationPlatforms) = preSolution
		Debug|Any CPU = Debug|Any CPU
		Release|Any CPU = Release|Any CPU
	EndGlobalSection
	GlobalSection(ProjectConfigurationPlatforms) = postSolution
		{40E65B22-7135-4B71-BA1F-8D5769C2D42A}.Debug|Any CPU.ActiveCfg = Debug|Any CPU
		{40E65B22-7135-4B71-BA1F-8D5769C2D42A}.Debug|Any CPU.Build.0 = Debug|Any CPU
		{40E65B22-7135-4B71-BA1F-8D5769C2D42A}.Release|Any CPU.ActiveCfg = Release|Any CPU
		{40E65B22-7135-4B71-BA1F-8D5769C2D42A}.Release|Any CPU.Build.0 = Release|Any CPU
	EndGlobalSection
EndGlobal
